// !$*UTF8*$!
{
	archiveVersion = 1;
	classes = {
	};
	objectVersion = 56;
	objects = {

/* Begin PBXBuildFile section */
		D7899F722CB8382E00431BD3 /* UserDefaultsKeys.swift in Sources */ = {isa = PBXBuildFile; fileRef = D7899F712CB8382E00431BD3 /* UserDefaultsKeys.swift */; };
		D7899F752CB83E0200431BD3 /* NewViewController.swift in Sources */ = {isa = PBXBuildFile; fileRef = D7899F742CB83E0200431BD3 /* NewViewController.swift */; };
		D789FFC92C9AED9B00528573 /* AppDelegate.swift in Sources */ = {isa = PBXBuildFile; fileRef = D789FFC82C9AED9B00528573 /* AppDelegate.swift */; };
		D789FFCB2C9AED9B00528573 /* SceneDelegate.swift in Sources */ = {isa = PBXBuildFile; fileRef = D789FFCA2C9AED9B00528573 /* SceneDelegate.swift */; };
		D789FFD22C9AED9D00528573 /* Assets.xcassets in Resources */ = {isa = PBXBuildFile; fileRef = D789FFD12C9AED9D00528573 /* Assets.xcassets */; };
		D789FFD52C9AED9D00528573 /* Base in Resources */ = {isa = PBXBuildFile; fileRef = D789FFD42C9AED9D00528573 /* Base */; };
		D789FFE32C9AFAAC00528573 /* OnboardingPageView.swift in Sources */ = {isa = PBXBuildFile; fileRef = D789FFE22C9AFAAC00528573 /* OnboardingPageView.swift */; };
		D789FFE52C9AFACD00528573 /* OnboardingPageViewController.swift in Sources */ = {isa = PBXBuildFile; fileRef = D789FFE42C9AFACD00528573 /* OnboardingPageViewController.swift */; };
		D789FFE72C9AFBA500528573 /* OnboardingPageViewModel.swift in Sources */ = {isa = PBXBuildFile; fileRef = D789FFE62C9AFBA500528573 /* OnboardingPageViewModel.swift */; };
		D789FFE92C9AFBC100528573 /* OnboardingPageModel.swift in Sources */ = {isa = PBXBuildFile; fileRef = D789FFE82C9AFBC100528573 /* OnboardingPageModel.swift */; };
		D789FFEB2CA058DA00528573 /* OnboardingModel.swift in Sources */ = {isa = PBXBuildFile; fileRef = D789FFEA2CA058DA00528573 /* OnboardingModel.swift */; };
		D789FFED2CA0598500528573 /* OnboardingViewModel.swift in Sources */ = {isa = PBXBuildFile; fileRef = D789FFEC2CA0598500528573 /* OnboardingViewModel.swift */; };
		D789FFF32CA2CCD400528573 /* OnboardingView.swift in Sources */ = {isa = PBXBuildFile; fileRef = D789FFF22CA2CCD400528573 /* OnboardingView.swift */; };
		D789FFF52CA2CD3F00528573 /* OnboardingViewController.swift in Sources */ = {isa = PBXBuildFile; fileRef = D789FFF42CA2CD3F00528573 /* OnboardingViewController.swift */; };
/* End PBXBuildFile section */

/* Begin PBXFileReference section */
		D7899F712CB8382E00431BD3 /* UserDefaultsKeys.swift */ = {isa = PBXFileReference; lastKnownFileType = sourcecode.swift; path = UserDefaultsKeys.swift; sourceTree = "<group>"; };
		D7899F742CB83E0200431BD3 /* NewViewController.swift */ = {isa = PBXFileReference; lastKnownFileType = sourcecode.swift; path = NewViewController.swift; sourceTree = "<group>"; };
		D789FFC52C9AED9B00528573 /* Baby's diary.app */ = {isa = PBXFileReference; explicitFileType = wrapper.application; includeInIndex = 0; path = "Baby's diary.app"; sourceTree = BUILT_PRODUCTS_DIR; };
		D789FFC82C9AED9B00528573 /* AppDelegate.swift */ = {isa = PBXFileReference; lastKnownFileType = sourcecode.swift; path = AppDelegate.swift; sourceTree = "<group>"; };
		D789FFCA2C9AED9B00528573 /* SceneDelegate.swift */ = {isa = PBXFileReference; lastKnownFileType = sourcecode.swift; path = SceneDelegate.swift; sourceTree = "<group>"; };
		D789FFD12C9AED9D00528573 /* Assets.xcassets */ = {isa = PBXFileReference; lastKnownFileType = folder.assetcatalog; path = Assets.xcassets; sourceTree = "<group>"; };
		D789FFD42C9AED9D00528573 /* Base */ = {isa = PBXFileReference; lastKnownFileType = file.storyboard; name = Base; path = Base.lproj/LaunchScreen.storyboard; sourceTree = "<group>"; };
		D789FFD62C9AED9D00528573 /* Info.plist */ = {isa = PBXFileReference; lastKnownFileType = text.plist.xml; path = Info.plist; sourceTree = "<group>"; };
		D789FFE22C9AFAAC00528573 /* OnboardingPageView.swift */ = {isa = PBXFileReference; lastKnownFileType = sourcecode.swift; path = OnboardingPageView.swift; sourceTree = "<group>"; };
		D789FFE42C9AFACD00528573 /* OnboardingPageViewController.swift */ = {isa = PBXFileReference; lastKnownFileType = sourcecode.swift; path = OnboardingPageViewController.swift; sourceTree = "<group>"; };
		D789FFE62C9AFBA500528573 /* OnboardingPageViewModel.swift */ = {isa = PBXFileReference; lastKnownFileType = sourcecode.swift; path = OnboardingPageViewModel.swift; sourceTree = "<group>"; };
		D789FFE82C9AFBC100528573 /* OnboardingPageModel.swift */ = {isa = PBXFileReference; lastKnownFileType = sourcecode.swift; path = OnboardingPageModel.swift; sourceTree = "<group>"; };
		D789FFEA2CA058DA00528573 /* OnboardingModel.swift */ = {isa = PBXFileReference; lastKnownFileType = sourcecode.swift; path = OnboardingModel.swift; sourceTree = "<group>"; };
		D789FFEC2CA0598500528573 /* OnboardingViewModel.swift */ = {isa = PBXFileReference; lastKnownFileType = sourcecode.swift; path = OnboardingViewModel.swift; sourceTree = "<group>"; };
		D789FFF22CA2CCD400528573 /* OnboardingView.swift */ = {isa = PBXFileReference; lastKnownFileType = sourcecode.swift; path = OnboardingView.swift; sourceTree = "<group>"; };
		D789FFF42CA2CD3F00528573 /* OnboardingViewController.swift */ = {isa = PBXFileReference; lastKnownFileType = sourcecode.swift; path = OnboardingViewController.swift; sourceTree = "<group>"; };
/* End PBXFileReference section */

/* Begin PBXFrameworksBuildPhase section */
		D789FFC22C9AED9B00528573 /* Frameworks */ = {
			isa = PBXFrameworksBuildPhase;
			buildActionMask = 2147483647;
			files = (
			);
			runOnlyForDeploymentPostprocessing = 0;
		};
/* End PBXFrameworksBuildPhase section */

/* Begin PBXGroup section */
		D7899F702CB8382300431BD3 /* UserDefaultsKeys */ = {
			isa = PBXGroup;
			children = (
				D7899F712CB8382E00431BD3 /* UserDefaultsKeys.swift */,
			);
			path = UserDefaultsKeys;
			sourceTree = "<group>";
		};
		D7899F762CBD674500431BD3 /* SignIn */ = {
			isa = PBXGroup;
			children = (
				D7899F7A2CBD6B3F00431BD3 /* Model */,
				D7899F782CBD6AFB00431BD3 /* ViewModel */,
				D7899F792CBD6B1600431BD3 /* View */,
			);
			path = SignIn;
			sourceTree = "<group>";
		};
		D7899F782CBD6AFB00431BD3 /* ViewModel */ = {
			isa = PBXGroup;
			children = (
			);
			path = ViewModel;
			sourceTree = "<group>";
		};
		D7899F792CBD6B1600431BD3 /* View */ = {
			isa = PBXGroup;
			children = (
			);
			path = View;
			sourceTree = "<group>";
		};
		D7899F7A2CBD6B3F00431BD3 /* Model */ = {
			isa = PBXGroup;
			children = (
			);
			path = Model;
			sourceTree = "<group>";
		};
		D789FFBC2C9AED9B00528573 = {
			isa = PBXGroup;
			children = (
				D789FFC72C9AED9B00528573 /* Baby's diary */,
				D789FFC62C9AED9B00528573 /* Products */,
			);
			sourceTree = "<group>";
		};
		D789FFC62C9AED9B00528573 /* Products */ = {
			isa = PBXGroup;
			children = (
				D789FFC52C9AED9B00528573 /* Baby's diary.app */,
			);
			name = Products;
			sourceTree = "<group>";
		};
		D789FFC72C9AED9B00528573 /* Baby's diary */ = {
			isa = PBXGroup;
			children = (
				D789FFDC2C9AEEAB00528573 /* App */,
				D7899F762CBD674500431BD3 /* SignIn */,
				D789FFEE2CA2C9A900528573 /* Onboarding */,
				D789FFDE2C9AFA1500528573 /* OnboardingPage */,
				D789FFDD2C9AEEB900528573 /* Resources */,
			);
			path = "Baby's diary";
			sourceTree = "<group>";
		};
		D789FFDC2C9AEEAB00528573 /* App */ = {
			isa = PBXGroup;
			children = (
				D789FFC82C9AED9B00528573 /* AppDelegate.swift */,
				D789FFCA2C9AED9B00528573 /* SceneDelegate.swift */,
			);
			path = App;
			sourceTree = "<group>";
		};
		D789FFDD2C9AEEB900528573 /* Resources */ = {
			isa = PBXGroup;
			children = (
				D789FFD12C9AED9D00528573 /* Assets.xcassets */,
				D789FFD32C9AED9D00528573 /* LaunchScreen.storyboard */,
				D789FFD62C9AED9D00528573 /* Info.plist */,
			);
			path = Resources;
			sourceTree = "<group>";
		};
		D789FFDE2C9AFA1500528573 /* OnboardingPage */ = {
			isa = PBXGroup;
			children = (
				D789FFDF2C9AFA3800528573 /* Model */,
				D789FFE02C9AFA4900528573 /* ViewModel */,
				D789FFE12C9AFA5800528573 /* View */,
			);
			path = OnboardingPage;
			sourceTree = "<group>";
		};
		D789FFDF2C9AFA3800528573 /* Model */ = {
			isa = PBXGroup;
			children = (
				D789FFE82C9AFBC100528573 /* OnboardingPageModel.swift */,
			);
			path = Model;
			sourceTree = "<group>";
		};
		D789FFE02C9AFA4900528573 /* ViewModel */ = {
			isa = PBXGroup;
			children = (
				D789FFE62C9AFBA500528573 /* OnboardingPageViewModel.swift */,
			);
			path = ViewModel;
			sourceTree = "<group>";
		};
		D789FFE12C9AFA5800528573 /* View */ = {
			isa = PBXGroup;
			children = (
				D789FFE42C9AFACD00528573 /* OnboardingPageViewController.swift */,
				D789FFE22C9AFAAC00528573 /* OnboardingPageView.swift */,
			);
			path = View;
			sourceTree = "<group>";
		};
		D789FFEE2CA2C9A900528573 /* Onboarding */ = {
			isa = PBXGroup;
			children = (
				D7899F702CB8382300431BD3 /* UserDefaultsKeys */,
				D789FFEF2CA2C9DA00528573 /* Model */,
				D789FFF02CA2C9E000528573 /* ViewModel */,
				D789FFF12CA2C9ED00528573 /* View */,
			);
			path = Onboarding;
			sourceTree = "<group>";
		};
		D789FFEF2CA2C9DA00528573 /* Model */ = {
			isa = PBXGroup;
			children = (
				D789FFEA2CA058DA00528573 /* OnboardingModel.swift */,
			);
			path = Model;
			sourceTree = "<group>";
		};
		D789FFF02CA2C9E000528573 /* ViewModel */ = {
			isa = PBXGroup;
			children = (
				D789FFEC2CA0598500528573 /* OnboardingViewModel.swift */,
			);
			path = ViewModel;
			sourceTree = "<group>";
		};
		D789FFF12CA2C9ED00528573 /* View */ = {
			isa = PBXGroup;
			children = (
				D789FFF22CA2CCD400528573 /* OnboardingView.swift */,
				D789FFF42CA2CD3F00528573 /* OnboardingViewController.swift */,
				D7899F742CB83E0200431BD3 /* NewViewController.swift */,
			);
			path = View;
			sourceTree = "<group>";
		};
/* End PBXGroup section */

/* Begin PBXNativeTarget section */
		D789FFC42C9AED9B00528573 /* Baby's diary */ = {
			isa = PBXNativeTarget;
			buildConfigurationList = D789FFD92C9AED9D00528573 /* Build configuration list for PBXNativeTarget "Baby's diary" */;
			buildPhases = (
				D789FFC12C9AED9B00528573 /* Sources */,
				D789FFC22C9AED9B00528573 /* Frameworks */,
				D789FFC32C9AED9B00528573 /* Resources */,
			);
			buildRules = (
			);
			dependencies = (
			);
			name = "Baby's diary";
			productName = "Baby's diary";
			productReference = D789FFC52C9AED9B00528573 /* Baby's diary.app */;
			productType = "com.apple.product-type.application";
		};
/* End PBXNativeTarget section */

/* Begin PBXProject section */
		D789FFBD2C9AED9B00528573 /* Project object */ = {
			isa = PBXProject;
			attributes = {
				BuildIndependentTargetsInParallel = 1;
				LastSwiftUpdateCheck = 1530;
				LastUpgradeCheck = 1530;
				TargetAttributes = {
					D789FFC42C9AED9B00528573 = {
						CreatedOnToolsVersion = 15.3;
					};
				};
			};
			buildConfigurationList = D789FFC02C9AED9B00528573 /* Build configuration list for PBXProject "Baby's diary" */;
			compatibilityVersion = "Xcode 14.0";
			developmentRegion = en;
			hasScannedForEncodings = 0;
			knownRegions = (
				en,
				Base,
			);
			mainGroup = D789FFBC2C9AED9B00528573;
			productRefGroup = D789FFC62C9AED9B00528573 /* Products */;
			projectDirPath = "";
			projectRoot = "";
			targets = (
				D789FFC42C9AED9B00528573 /* Baby's diary */,
			);
		};
/* End PBXProject section */

/* Begin PBXResourcesBuildPhase section */
		D789FFC32C9AED9B00528573 /* Resources */ = {
			isa = PBXResourcesBuildPhase;
			buildActionMask = 2147483647;
			files = (
				D789FFD22C9AED9D00528573 /* Assets.xcassets in Resources */,
				D789FFD52C9AED9D00528573 /* Base in Resources */,
			);
			runOnlyForDeploymentPostprocessing = 0;
		};
/* End PBXResourcesBuildPhase section */

/* Begin PBXSourcesBuildPhase section */
		D789FFC12C9AED9B00528573 /* Sources */ = {
			isa = PBXSourcesBuildPhase;
			buildActionMask = 2147483647;
			files = (
				D789FFE52C9AFACD00528573 /* OnboardingPageViewController.swift in Sources */,
				D789FFE72C9AFBA500528573 /* OnboardingPageViewModel.swift in Sources */,
				D789FFE32C9AFAAC00528573 /* OnboardingPageView.swift in Sources */,
				D7899F752CB83E0200431BD3 /* NewViewController.swift in Sources */,
				D789FFF32CA2CCD400528573 /* OnboardingView.swift in Sources */,
				D789FFED2CA0598500528573 /* OnboardingViewModel.swift in Sources */,
				D7899F722CB8382E00431BD3 /* UserDefaultsKeys.swift in Sources */,
				D789FFC92C9AED9B00528573 /* AppDelegate.swift in Sources */,
				D789FFEB2CA058DA00528573 /* OnboardingModel.swift in Sources */,
				D789FFF52CA2CD3F00528573 /* OnboardingViewController.swift in Sources */,
				D789FFCB2C9AED9B00528573 /* SceneDelegate.swift in Sources */,
				D789FFE92C9AFBC100528573 /* OnboardingPageModel.swift in Sources */,
			);
			runOnlyForDeploymentPostprocessing = 0;
		};
/* End PBXSourcesBuildPhase section */

/* Begin PBXVariantGroup section */
		D789FFD32C9AED9D00528573 /* LaunchScreen.storyboard */ = {
			isa = PBXVariantGroup;
			children = (
				D789FFD42C9AED9D00528573 /* Base */,
			);
			name = LaunchScreen.storyboard;
			sourceTree = "<group>";
		};
/* End PBXVariantGroup section */

/* Begin XCBuildConfiguration section */
		D789FFD72C9AED9D00528573 /* Debug */ = {
			isa = XCBuildConfiguration;
			buildSettings = {
				ALWAYS_SEARCH_USER_PATHS = NO;
				ASSETCATALOG_COMPILER_GENERATE_SWIFT_ASSET_SYMBOL_EXTENSIONS = YES;
				CLANG_ANALYZER_NONNULL = YES;
				CLANG_ANALYZER_NUMBER_OBJECT_CONVERSION = YES_AGGRESSIVE;
				CLANG_CXX_LANGUAGE_STANDARD = "gnu++20";
				CLANG_ENABLE_MODULES = YES;
				CLANG_ENABLE_OBJC_ARC = YES;
				CLANG_ENABLE_OBJC_WEAK = YES;
				CLANG_WARN_BLOCK_CAPTURE_AUTORELEASING = YES;
				CLANG_WARN_BOOL_CONVERSION = YES;
				CLANG_WARN_COMMA = YES;
				CLANG_WARN_CONSTANT_CONVERSION = YES;
				CLANG_WARN_DEPRECATED_OBJC_IMPLEMENTATIONS = YES;
				CLANG_WARN_DIRECT_OBJC_ISA_USAGE = YES_ERROR;
				CLANG_WARN_DOCUMENTATION_COMMENTS = YES;
				CLANG_WARN_EMPTY_BODY = YES;
				CLANG_WARN_ENUM_CONVERSION = YES;
				CLANG_WARN_INFINITE_RECURSION = YES;
				CLANG_WARN_INT_CONVERSION = YES;
				CLANG_WARN_NON_LITERAL_NULL_CONVERSION = YES;
				CLANG_WARN_OBJC_IMPLICIT_RETAIN_SELF = YES;
				CLANG_WARN_OBJC_LITERAL_CONVERSION = YES;
				CLANG_WARN_OBJC_ROOT_CLASS = YES_ERROR;
				CLANG_WARN_QUOTED_INCLUDE_IN_FRAMEWORK_HEADER = YES;
				CLANG_WARN_RANGE_LOOP_ANALYSIS = YES;
				CLANG_WARN_STRICT_PROTOTYPES = YES;
				CLANG_WARN_SUSPICIOUS_MOVE = YES;
				CLANG_WARN_UNGUARDED_AVAILABILITY = YES_AGGRESSIVE;
				CLANG_WARN_UNREACHABLE_CODE = YES;
				CLANG_WARN__DUPLICATE_METHOD_MATCH = YES;
				COPY_PHASE_STRIP = NO;
				DEBUG_INFORMATION_FORMAT = dwarf;
				ENABLE_STRICT_OBJC_MSGSEND = YES;
				ENABLE_TESTABILITY = YES;
				ENABLE_USER_SCRIPT_SANDBOXING = YES;
				GCC_C_LANGUAGE_STANDARD = gnu17;
				GCC_DYNAMIC_NO_PIC = NO;
				GCC_NO_COMMON_BLOCKS = YES;
				GCC_OPTIMIZATION_LEVEL = 0;
				GCC_PREPROCESSOR_DEFINITIONS = (
					"DEBUG=1",
					"$(inherited)",
				);
				GCC_WARN_64_TO_32_BIT_CONVERSION = YES;
				GCC_WARN_ABOUT_RETURN_TYPE = YES_ERROR;
				GCC_WARN_UNDECLARED_SELECTOR = YES;
				GCC_WARN_UNINITIALIZED_AUTOS = YES_AGGRESSIVE;
				GCC_WARN_UNUSED_FUNCTION = YES;
				GCC_WARN_UNUSED_VARIABLE = YES;
				IPHONEOS_DEPLOYMENT_TARGET = 17.4;
				LOCALIZATION_PREFERS_STRING_CATALOGS = YES;
				MTL_ENABLE_DEBUG_INFO = INCLUDE_SOURCE;
				MTL_FAST_MATH = YES;
				ONLY_ACTIVE_ARCH = YES;
				SDKROOT = iphoneos;
				SWIFT_ACTIVE_COMPILATION_CONDITIONS = "DEBUG $(inherited)";
				SWIFT_OPTIMIZATION_LEVEL = "-Onone";
			};
			name = Debug;
		};
		D789FFD82C9AED9D00528573 /* Release */ = {
			isa = XCBuildConfiguration;
			buildSettings = {
				ALWAYS_SEARCH_USER_PATHS = NO;
				ASSETCATALOG_COMPILER_GENERATE_SWIFT_ASSET_SYMBOL_EXTENSIONS = YES;
				CLANG_ANALYZER_NONNULL = YES;
				CLANG_ANALYZER_NUMBER_OBJECT_CONVERSION = YES_AGGRESSIVE;
				CLANG_CXX_LANGUAGE_STANDARD = "gnu++20";
				CLANG_ENABLE_MODULES = YES;
				CLANG_ENABLE_OBJC_ARC = YES;
				CLANG_ENABLE_OBJC_WEAK = YES;
				CLANG_WARN_BLOCK_CAPTURE_AUTORELEASING = YES;
				CLANG_WARN_BOOL_CONVERSION = YES;
				CLANG_WARN_COMMA = YES;
				CLANG_WARN_CONSTANT_CONVERSION = YES;
				CLANG_WARN_DEPRECATED_OBJC_IMPLEMENTATIONS = YES;
				CLANG_WARN_DIRECT_OBJC_ISA_USAGE = YES_ERROR;
				CLANG_WARN_DOCUMENTATION_COMMENTS = YES;
				CLANG_WARN_EMPTY_BODY = YES;
				CLANG_WARN_ENUM_CONVERSION = YES;
				CLANG_WARN_INFINITE_RECURSION = YES;
				CLANG_WARN_INT_CONVERSION = YES;
				CLANG_WARN_NON_LITERAL_NULL_CONVERSION = YES;
				CLANG_WARN_OBJC_IMPLICIT_RETAIN_SELF = YES;
				CLANG_WARN_OBJC_LITERAL_CONVERSION = YES;
				CLANG_WARN_OBJC_ROOT_CLASS = YES_ERROR;
				CLANG_WARN_QUOTED_INCLUDE_IN_FRAMEWORK_HEADER = YES;
				CLANG_WARN_RANGE_LOOP_ANALYSIS = YES;
				CLANG_WARN_STRICT_PROTOTYPES = YES;
				CLANG_WARN_SUSPICIOUS_MOVE = YES;
				CLANG_WARN_UNGUARDED_AVAILABILITY = YES_AGGRESSIVE;
				CLANG_WARN_UNREACHABLE_CODE = YES;
				CLANG_WARN__DUPLICATE_METHOD_MATCH = YES;
				COPY_PHASE_STRIP = NO;
				DEBUG_INFORMATION_FORMAT = "dwarf-with-dsym";
				ENABLE_NS_ASSERTIONS = NO;
				ENABLE_STRICT_OBJC_MSGSEND = YES;
				ENABLE_USER_SCRIPT_SANDBOXING = YES;
				GCC_C_LANGUAGE_STANDARD = gnu17;
				GCC_NO_COMMON_BLOCKS = YES;
				GCC_WARN_64_TO_32_BIT_CONVERSION = YES;
				GCC_WARN_ABOUT_RETURN_TYPE = YES_ERROR;
				GCC_WARN_UNDECLARED_SELECTOR = YES;
				GCC_WARN_UNINITIALIZED_AUTOS = YES_AGGRESSIVE;
				GCC_WARN_UNUSED_FUNCTION = YES;
				GCC_WARN_UNUSED_VARIABLE = YES;
				IPHONEOS_DEPLOYMENT_TARGET = 17.4;
				LOCALIZATION_PREFERS_STRING_CATALOGS = YES;
				MTL_ENABLE_DEBUG_INFO = NO;
				MTL_FAST_MATH = YES;
				SDKROOT = iphoneos;
				SWIFT_COMPILATION_MODE = wholemodule;
				VALIDATE_PRODUCT = YES;
			};
			name = Release;
		};
		D789FFDA2C9AED9D00528573 /* Debug */ = {
			isa = XCBuildConfiguration;
			buildSettings = {
				ASSETCATALOG_COMPILER_APPICON_NAME = AppIcon;
				ASSETCATALOG_COMPILER_GLOBAL_ACCENT_COLOR_NAME = AccentColor;
				CODE_SIGN_STYLE = Automatic;
				CURRENT_PROJECT_VERSION = 1;
				DEVELOPMENT_TEAM = HDQUFL254V;
				GENERATE_INFOPLIST_FILE = YES;
				INFOPLIST_FILE = "Baby's diary/Resources/Info.plist";
				INFOPLIST_KEY_UIApplicationSupportsIndirectInputEvents = YES;
				INFOPLIST_KEY_UILaunchStoryboardName = LaunchScreen;
				INFOPLIST_KEY_UISupportedInterfaceOrientations_iPad = "UIInterfaceOrientationPortrait UIInterfaceOrientationPortraitUpsideDown UIInterfaceOrientationLandscapeLeft UIInterfaceOrientationLandscapeRight";
				INFOPLIST_KEY_UISupportedInterfaceOrientations_iPhone = "UIInterfaceOrientationPortrait UIInterfaceOrientationLandscapeLeft UIInterfaceOrientationLandscapeRight";
				LD_RUNPATH_SEARCH_PATHS = (
					"$(inherited)",
					"@executable_path/Frameworks",
				);
				MARKETING_VERSION = 1.0;
				PRODUCT_BUNDLE_IDENTIFIER = "my.com.Baby-s-diary";
				PRODUCT_NAME = "$(TARGET_NAME)";
				SWIFT_EMIT_LOC_STRINGS = YES;
				SWIFT_VERSION = 5.0;
				TARGETED_DEVICE_FAMILY = "1,2";
			};
			name = Debug;
		};
		D789FFDB2C9AED9D00528573 /* Release */ = {
			isa = XCBuildConfiguration;
			buildSettings = {
				ASSETCATALOG_COMPILER_APPICON_NAME = AppIcon;
				ASSETCATALOG_COMPILER_GLOBAL_ACCENT_COLOR_NAME = AccentColor;
				CODE_SIGN_STYLE = Automatic;
				CURRENT_PROJECT_VERSION = 1;
				DEVELOPMENT_TEAM = HDQUFL254V;
				GENERATE_INFOPLIST_FILE = YES;
				INFOPLIST_FILE = "Baby's diary/Resources/Info.plist";
				INFOPLIST_KEY_UIApplicationSupportsIndirectInputEvents = YES;
				INFOPLIST_KEY_UILaunchStoryboardName = LaunchScreen;
				INFOPLIST_KEY_UISupportedInterfaceOrientations_iPad = "UIInterfaceOrientationPortrait UIInterfaceOrientationPortraitUpsideDown UIInterfaceOrientationLandscapeLeft UIInterfaceOrientationLandscapeRight";
				INFOPLIST_KEY_UISupportedInterfaceOrientations_iPhone = "UIInterfaceOrientationPortrait UIInterfaceOrientationLandscapeLeft UIInterfaceOrientationLandscapeRight";
				LD_RUNPATH_SEARCH_PATHS = (
					"$(inherited)",
					"@executable_path/Frameworks",
				);
				MARKETING_VERSION = 1.0;
				PRODUCT_BUNDLE_IDENTIFIER = "my.com.Baby-s-diary";
				PRODUCT_NAME = "$(TARGET_NAME)";
				SWIFT_EMIT_LOC_STRINGS = YES;
				SWIFT_VERSION = 5.0;
				TARGETED_DEVICE_FAMILY = "1,2";
			};
			name = Release;
		};
/* End XCBuildConfiguration section */

/* Begin XCConfigurationList section */
		D789FFC02C9AED9B00528573 /* Build configuration list for PBXProject "Baby's diary" */ = {
			isa = XCConfigurationList;
			buildConfigurations = (
				D789FFD72C9AED9D00528573 /* Debug */,
				D789FFD82C9AED9D00528573 /* Release */,
			);
			defaultConfigurationIsVisible = 0;
			defaultConfigurationName = Release;
		};
		D789FFD92C9AED9D00528573 /* Build configuration list for PBXNativeTarget "Baby's diary" */ = {
			isa = XCConfigurationList;
			buildConfigurations = (
				D789FFDA2C9AED9D00528573 /* Debug */,
				D789FFDB2C9AED9D00528573 /* Release */,
			);
			defaultConfigurationIsVisible = 0;
			defaultConfigurationName = Release;
		};
/* End XCConfigurationList section */
	};
	rootObject = D789FFBD2C9AED9B00528573 /* Project object */;
}
